
Microsoft Visual Studio Solution File, Format Version 12.00
# Visual Studio Version 17
VisualStudioVersion = 17.10.35004.147
MinimumVisualStudioVersion = 10.0.40219.1
Project("{FAE04EC0-301F-11D3-BF4B-00C04F79EFBC}") = "JenkinsAPI", "JenkinsAPI.csproj", "{B6D2BA97-A998-46A1-939D-23E45AFC580A}"
EndProject
Global
	GlobalSection(SolutionConfigurationPlatforms) = preSolution
		Debug|Any CPU = Debug|Any CPU
		Release|Any CPU = Release|Any CPU
	EndGlobalSection
	GlobalSection(ProjectConfigurationPlatforms) = postSolution
		{B6D2BA97-A998-46A1-939D-23E45AFC580A}.Debug|Any CPU.ActiveCfg = Debug|Any CPU
		{B6D2BA97-A998-46A1-939D-23E45AFC580A}.Debug|Any CPU.Build.0 = Debug|Any CPU
		{B6D2BA97-A998-46A1-939D-23E45AFC580A}.Release|Any CPU.ActiveCfg = Release|Any CPU
		{B6D2BA97-A998-46A1-939D-23E45AFC580A}.Release|Any CPU.Build.0 = Release|Any CPU
	EndGlobalSection
	GlobalSection(SolutionProperties) = preSolution
		HideSolutionNode = FALSE
	EndGlobalSection
	GlobalSection(ExtensibilityGlobals) = postSolution
		SolutionGuid = {D02831A9-D50F-4594-840F-9950D87EACF2}
	EndGlobalSection
EndGlobal
